Microsoft Visual Studio Solution File, Format Version 12.00
# Visual Studio 2012
Project("{FAE04EC0-301F-11D3-BF4B-00C04F79EFBC}") = "RealmConsole", "RealmConsole.csproj", "{9FA3A9FF-3256-430B-B1ED-4E8F4053FB84}"
EndProject
Global
	GlobalSection(SolutionConfigurationPlatforms) = preSolution
	Debug|Any CPU = Debug|Any CPU
	ExportDebug|Any CPU = ExportDebug|Any CPU
	ExportRelease|Any CPU = ExportRelease|Any CPU
	EndGlobalSection
	GlobalSection(ProjectConfigurationPlatforms) = postSolution
		{9FA3A9FF-3256-430B-B1ED-4E8F4053FB84}.Debug|Any CPU.ActiveCfg = Debug|Any CPU
		{9FA3A9FF-3256-430B-B1ED-4E8F4053FB84}.Debug|Any CPU.Build.0 = Debug|Any CPU
		{9FA3A9FF-3256-430B-B1ED-4E8F4053FB84}.ExportDebug|Any CPU.ActiveCfg = ExportDebug|Any CPU
		{9FA3A9FF-3256-430B-B1ED-4E8F4053FB84}.ExportDebug|Any CPU.Build.0 = ExportDebug|Any CPU
		{9FA3A9FF-3256-430B-B1ED-4E8F4053FB84}.ExportRelease|Any CPU.ActiveCfg = ExportRelease|Any CPU
		{9FA3A9FF-3256-430B-B1ED-4E8F4053FB84}.ExportRelease|Any CPU.Build.0 = ExportRelease|Any CPU
	EndGlobalSection
EndGlobal
